
Microsoft Visual Studio Solution File, Format Version 12.00
# Visual Studio Version 17
VisualStudioVersion = 17.1.32407.343
MinimumVisualStudioVersion = 10.0.40219.1
Project("{2150E333-8FDC-42A3-9474-1A3956D46DE8}") = "Algorithms", "Algorithms", "{2785B62B-8E82-4927-801A-A290856283D3}"
EndProject
Project("{2150E333-8FDC-42A3-9474-1A3956D46DE8}") = "Data Structures", "Data Structures", "{088CEB9B-233A-4A18-8DF6-BFC1849CA313}"
EndProject
Project("{2150E333-8FDC-42A3-9474-1A3956D46DE8}") = "Linear Data Structures", "Linear Data Structures", "{8FFE609F-CE3F-445C-A8F4-D9B8758F45C1}"
EndProject
Project("{8BC9CEB8-8B4A-11D0-8D11-00A0C91BC942}") = "stack", "stack\stack.vcxproj", "{AAA58CB6-FCCC-46C3-91D3-5C0A06A4A7A3}"
EndProject
Project("{8BC9CEB8-8B4A-11D0-8D11-00A0C91BC942}") = "queue", "queue\queue.vcxproj", "{7564F0F3-4678-41B0-9E58-A15136F12725}"
EndProject
Project("{8BC9CEB8-8B4A-11D0-8D11-00A0C91BC942}") = "linked_list_singly", "linked_list_singly\linked_list_singly.vcxproj", "{87E7CA08-70FF-4842-A5B6-8BF26C16CF0F}"
EndProject
Project("{8BC9CEB8-8B4A-11D0-8D11-00A0C91BC942}") = "linked_list_doubly", "linked_list_doubly\linked_list_doubly.vcxproj", "{DE5335E4-ED42-4206-96BC-B3E6CB625D84}"
EndProject
Project("{2150E333-8FDC-42A3-9474-1A3956D46DE8}") = "Non-Linear Data Structures", "Non-Linear Data Structures", "{4091CD39-A7E8-4AED-9172-82DE7EF7D274}"
EndProject
Project("{2150E333-8FDC-42A3-9474-1A3956D46DE8}") = "Trees", "Trees", "{60547083-FF3D-4EB7-B8CD-AA295E6E0BD4}"
EndProject
Project("{8BC9CEB8-8B4A-11D0-8D11-00A0C91BC942}") = "array", "array\array.vcxproj", "{E4F5FA01-48E2-46A8-B4B8-F09A395F398F}"
EndProject
Project("{2150E333-8FDC-42A3-9474-1A3956D46DE8}") = "Sorting", "Sorting", "{875058C8-3236-4331-B861-F5A2F8650095}"
EndProject
Project("{2150E333-8FDC-42A3-9474-1A3956D46DE8}") = "Searching", "Searching", "{600517A0-1932-4AC3-A5CA-FD1E98EC9882}"
EndProject
Project("{8BC9CEB8-8B4A-11D0-8D11-00A0C91BC942}") = "linear_search", "linear_search\linear_search.vcxproj", "{CE49C73E-E784-4972-B4C6-D1B1D48EC1BC}"
EndProject
Project("{8BC9CEB8-8B4A-11D0-8D11-00A0C91BC942}") = "binary_search", "binary_search\binary_search.vcxproj", "{107AD54A-79C4-4D59-A79B-9A94D4552D56}"
EndProject
Project("{8BC9CEB8-8B4A-11D0-8D11-00A0C91BC942}") = "bubble_sort", "bubble_sort\bubble_sort.vcxproj", "{16BC69C0-B504-4728-888F-23909D0CD5E8}"
EndProject
Project("{8BC9CEB8-8B4A-11D0-8D11-00A0C91BC942}") = "insertion_sort", "insertion_sort\insertion_sort.vcxproj", "{A50B7B97-CBDB-4A16-BEBE-90A346A86A94}"
EndProject
Project("{8BC9CEB8-8B4A-11D0-8D11-00A0C91BC942}") = "cocktail_sort", "cocktail_sort\cocktail_sort.vcxproj", "{DA4414FE-6A2E-4131-BB59-085562C92492}"
EndProject
Project("{8BC9CEB8-8B4A-11D0-8D11-00A0C91BC942}") = "selection_sort", "selection_sort\selection_sort.vcxproj", "{B6F867A1-39DD-48B4-B66A-69344CE146EA}"
EndProject
Project("{8BC9CEB8-8B4A-11D0-8D11-00A0C91BC942}") = "binary_tree", "binary_tree\binary_tree.vcxproj", "{78620C15-212F-488A-B522-14076AF3BF9F}"
EndProject
Project("{8BC9CEB8-8B4A-11D0-8D11-00A0C91BC942}") = "binary_search_tree", "binary_search_tree\binary_search_tree.vcxproj", "{B5CE4FE8-66EE-45EE-B593-0060F8B64217}"
EndProject
Project("{8BC9CEB8-8B4A-11D0-8D11-00A0C91BC942}") = "merge_sort", "merge_sort\merge_sort.vcxproj", "{D35DBC4F-29C0-4143-B9C6-CA842D87A00E}"
EndProject
Project("{8BC9CEB8-8B4A-11D0-8D11-00A0C91BC942}") = "quick_sort", "quick_sort\quick_sort.vcxproj", "{F3CB10CD-306B-4FBC-8C80-BE7AC3110949}"
EndProject
Project("{8BC9CEB8-8B4A-11D0-8D11-00A0C91BC942}") = "two_dimensional_array", "two_dimensional_array\two_dimensional_array.vcxproj", "{72F0AA3F-9FC0-476C-A5CD-8A4A18DDF410}"
EndProject
Project("{8BC9CEB8-8B4A-11D0-8D11-00A0C91BC942}") = "fibonacci_search", "fibonacci_search\fibonacci_search.vcxproj", "{4F6C4A0C-11BA-4278-888E-E795A8B58F0E}"
EndProject
Project("{8BC9CEB8-8B4A-11D0-8D11-00A0C91BC942}") = "counting_sort", "counting_sort\counting_sort.vcxproj", "{67B00C7F-015C-4ABB-A8F7-6F44ECDE1778}"
EndProject
Project("{2150E333-8FDC-42A3-9474-1A3956D46DE8}") = "Solution Items", "Solution Items", "{74C89BC3-5B28-4B37-BF7F-DD3EC9FD9F8C}"
	ProjectSection(SolutionItems) = preProject
		.gitignore = .gitignore
		input.txt = input.txt
		README.md = README.md
	EndProjectSection
EndProject
Global
	GlobalSection(SolutionConfigurationPlatforms) = preSolution
		Debug|x64 = Debug|x64
		Debug|x86 = Debug|x86
		Release|x64 = Release|x64
		Release|x86 = Release|x86
	EndGlobalSection
	GlobalSection(ProjectConfigurationPlatforms) = postSolution
		{AAA58CB6-FCCC-46C3-91D3-5C0A06A4A7A3}.Debug|x64.ActiveCfg = Debug|x64
		{AAA58CB6-FCCC-46C3-91D3-5C0A06A4A7A3}.Debug|x64.Build.0 = Debug|x64
		{AAA58CB6-FCCC-46C3-91D3-5C0A06A4A7A3}.Debug|x86.ActiveCfg = Debug|Win32
		{AAA58CB6-FCCC-46C3-91D3-5C0A06A4A7A3}.Debug|x86.Build.0 = Debug|Win32
		{AAA58CB6-FCCC-46C3-91D3-5C0A06A4A7A3}.Release|x64.ActiveCfg = Release|x64
		{AAA58CB6-FCCC-46C3-91D3-5C0A06A4A7A3}.Release|x64.Build.0 = Release|x64
		{AAA58CB6-FCCC-46C3-91D3-5C0A06A4A7A3}.Release|x86.ActiveCfg = Release|Win32
		{AAA58CB6-FCCC-46C3-91D3-5C0A06A4A7A3}.Release|x86.Build.0 = Release|Win32
		{7564F0F3-4678-41B0-9E58-A15136F12725}.Debug|x64.ActiveCfg = Debug|x64
		{7564F0F3-4678-41B0-9E58-A15136F12725}.Debug|x64.Build.0 = Debug|x64
		{7564F0F3-4678-41B0-9E58-A15136F12725}.Debug|x86.ActiveCfg = Debug|Win32
		{7564F0F3-4678-41B0-9E58-A15136F12725}.Debug|x86.Build.0 = Debug|Win32
		{7564F0F3-4678-41B0-9E58-A15136F12725}.Release|x64.ActiveCfg = Release|x64
		{7564F0F3-4678-41B0-9E58-A15136F12725}.Release|x64.Build.0 = Release|x64
		{7564F0F3-4678-41B0-9E58-A15136F12725}.Release|x86.ActiveCfg = Release|Win32
		{7564F0F3-4678-41B0-9E58-A15136F12725}.Release|x86.Build.0 = Release|Win32
		{87E7CA08-70FF-4842-A5B6-8BF26C16CF0F}.Debug|x64.ActiveCfg = Debug|x64
		{87E7CA08-70FF-4842-A5B6-8BF26C16CF0F}.Debug|x64.Build.0 = Debug|x64
		{87E7CA08-70FF-4842-A5B6-8BF26C16CF0F}.Debug|x86.ActiveCfg = Debug|Win32
		{87E7CA08-70FF-4842-A5B6-8BF26C16CF0F}.Debug|x86.Build.0 = Debug|Win32
		{87E7CA08-70FF-4842-A5B6-8BF26C16CF0F}.Release|x64.ActiveCfg = Release|x64
		{87E7CA08-70FF-4842-A5B6-8BF26C16CF0F}.Release|x64.Build.0 = Release|x64
		{87E7CA08-70FF-4842-A5B6-8BF26C16CF0F}.Release|x86.ActiveCfg = Release|Win32
		{87E7CA08-70FF-4842-A5B6-8BF26C16CF0F}.Release|x86.Build.0 = Release|Win32
		{DE5335E4-ED42-4206-96BC-B3E6CB625D84}.Debug|x64.ActiveCfg = Debug|x64
		{DE5335E4-ED42-4206-96BC-B3E6CB625D84}.Debug|x64.Build.0 = Debug|x64
		{DE5335E4-ED42-4206-96BC-B3E6CB625D84}.Debug|x86.ActiveCfg = Debug|Win32
		{DE5335E4-ED42-4206-96BC-B3E6CB625D84}.Debug|x86.Build.0 = Debug|Win32
		{DE5335E4-ED42-4206-96BC-B3E6CB625D84}.Release|x64.ActiveCfg = Release|x64
		{DE5335E4-ED42-4206-96BC-B3E6CB625D84}.Release|x64.Build.0 = Release|x64
		{DE5335E4-ED42-4206-96BC-B3E6CB625D84}.Release|x86.ActiveCfg = Release|Win32
		{DE5335E4-ED42-4206-96BC-B3E6CB625D84}.Release|x86.Build.0 = Release|Win32
		{E4F5FA01-48E2-46A8-B4B8-F09A395F398F}.Debug|x64.ActiveCfg = Debug|x64
		{E4F5FA01-48E2-46A8-B4B8-F09A395F398F}.Debug|x64.Build.0 = Debug|x64
		{E4F5FA01-48E2-46A8-B4B8-F09A395F398F}.Debug|x86.ActiveCfg = Debug|Win32
		{E4F5FA01-48E2-46A8-B4B8-F09A395F398F}.Debug|x86.Build.0 = Debug|Win32
		{E4F5FA01-48E2-46A8-B4B8-F09A395F398F}.Release|x64.ActiveCfg = Release|x64
		{E4F5FA01-48E2-46A8-B4B8-F09A395F398F}.Release|x64.Build.0 = Release|x64
		{E4F5FA01-48E2-46A8-B4B8-F09A395F398F}.Release|x86.ActiveCfg = Release|Win32
		{E4F5FA01-48E2-46A8-B4B8-F09A395F398F}.Release|x86.Build.0 = Release|Win32
		{CE49C73E-E784-4972-B4C6-D1B1D48EC1BC}.Debug|x64.ActiveCfg = Debug|x64
		{CE49C73E-E784-4972-B4C6-D1B1D48EC1BC}.Debug|x64.Build.0 = Debug|x64
		{CE49C73E-E784-4972-B4C6-D1B1D48EC1BC}.Debug|x86.ActiveCfg = Debug|Win32
		{CE49C73E-E784-4972-B4C6-D1B1D48EC1BC}.Debug|x86.Build.0 = Debug|Win32
		{CE49C73E-E784-4972-B4C6-D1B1D48EC1BC}.Release|x64.ActiveCfg = Release|x64
		{CE49C73E-E784-4972-B4C6-D1B1D48EC1BC}.Release|x64.Build.0 = Release|x64
		{CE49C73E-E784-4972-B4C6-D1B1D48EC1BC}.Release|x86.ActiveCfg = Release|Win32
		{CE49C73E-E784-4972-B4C6-D1B1D48EC1BC}.Release|x86.Build.0 = Release|Win32
		{107AD54A-79C4-4D59-A79B-9A94D4552D56}.Debug|x64.ActiveCfg = Debug|x64
		{107AD54A-79C4-4D59-A79B-9A94D4552D56}.Debug|x64.Build.0 = Debug|x64
		{107AD54A-79C4-4D59-A79B-9A94D4552D56}.Debug|x86.ActiveCfg = Debug|Win32
		{107AD54A-79C4-4D59-A79B-9A94D4552D56}.Debug|x86.Build.0 = Debug|Win32
		{107AD54A-79C4-4D59-A79B-9A94D4552D56}.Release|x64.ActiveCfg = Release|x64
		{107AD54A-79C4-4D59-A79B-9A94D4552D56}.Release|x64.Build.0 = Release|x64
		{107AD54A-79C4-4D59-A79B-9A94D4552D56}.Release|x86.ActiveCfg = Release|Win32
		{107AD54A-79C4-4D59-A79B-9A94D4552D56}.Release|x86.Build.0 = Release|Win32
		{16BC69C0-B504-4728-888F-23909D0CD5E8}.Debug|x64.ActiveCfg = Debug|x64
		{16BC69C0-B504-4728-888F-23909D0CD5E8}.Debug|x64.Build.0 = Debug|x64
		{16BC69C0-B504-4728-888F-23909D0CD5E8}.Debug|x86.ActiveCfg = Debug|Win32
		{16BC69C0-B504-4728-888F-23909D0CD5E8}.Debug|x86.Build.0 = Debug|Win32
		{16BC69C0-B504-4728-888F-23909D0CD5E8}.Release|x64.ActiveCfg = Release|x64
		{16BC69C0-B504-4728-888F-23909D0CD5E8}.Release|x64.Build.0 = Release|x64
		{16BC69C0-B504-4728-888F-23909D0CD5E8}.Release|x86.ActiveCfg = Release|Win32
		{16BC69C0-B504-4728-888F-23909D0CD5E8}.Release|x86.Build.0 = Release|Win32
		{A50B7B97-CBDB-4A16-BEBE-90A346A86A94}.Debug|x64.ActiveCfg = Debug|x64
		{A50B7B97-CBDB-4A16-BEBE-90A346A86A94}.Debug|x64.Build.0 = Debug|x64
		{A50B7B97-CBDB-4A16-BEBE-90A346A86A94}.Debug|x86.ActiveCfg = Debug|Win32
		{A50B7B97-CBDB-4A16-BEBE-90A346A86A94}.Debug|x86.Build.0 = Debug|Win32
		{A50B7B97-CBDB-4A16-BEBE-90A346A86A94}.Release|x64.ActiveCfg = Release|x64
		{A50B7B97-CBDB-4A16-BEBE-90A346A86A94}.Release|x64.Build.0 = Release|x64
		{A50B7B97-CBDB-4A16-BEBE-90A346A86A94}.Release|x86.ActiveCfg = Release|Win32
		{A50B7B97-CBDB-4A16-BEBE-90A346A86A94}.Release|x86.Build.0 = Release|Win32
		{DA4414FE-6A2E-4131-BB59-085562C92492}.Debug|x64.ActiveCfg = Debug|x64
		{DA4414FE-6A2E-4131-BB59-085562C92492}.Debug|x64.Build.0 = Debug|x64
		{DA4414FE-6A2E-4131-BB59-085562C92492}.Debug|x86.ActiveCfg = Debug|Win32
		{DA4414FE-6A2E-4131-BB59-085562C92492}.Debug|x86.Build.0 = Debug|Win32
		{DA4414FE-6A2E-4131-BB59-085562C92492}.Release|x64.ActiveCfg = Release|x64
		{DA4414FE-6A2E-4131-BB59-085562C92492}.Release|x64.Build.0 = Release|x64
		{DA4414FE-6A2E-4131-BB59-085562C92492}.Release|x86.ActiveCfg = Release|Win32
		{DA4414FE-6A2E-4131-BB59-085562C92492}.Release|x86.Build.0 = Release|Win32
		{B6F867A1-39DD-48B4-B66A-69344CE146EA}.Debug|x64.ActiveCfg = Debug|x64
		{B6F867A1-39DD-48B4-B66A-69344CE146EA}.Debug|x64.Build.0 = Debug|x64
		{B6F867A1-39DD-48B4-B66A-69344CE146EA}.Debug|x86.ActiveCfg = Debug|Win32
		{B6F867A1-39DD-48B4-B66A-69344CE146EA}.Debug|x86.Build.0 = Debug|Win32
		{B6F867A1-39DD-48B4-B66A-69344CE146EA}.Release|x64.ActiveCfg = Release|x64
		{B6F867A1-39DD-48B4-B66A-69344CE146EA}.Release|x64.Build.0 = Release|x64
		{B6F867A1-39DD-48B4-B66A-69344CE146EA}.Release|x86.ActiveCfg = Release|Win32
		{B6F867A1-39DD-48B4-B66A-69344CE146EA}.Release|x86.Build.0 = Release|Win32
		{78620C15-212F-488A-B522-14076AF3BF9F}.Debug|x64.ActiveCfg = Debug|x64
		{78620C15-212F-488A-B522-14076AF3BF9F}.Debug|x64.Build.0 = Debug|x64
		{78620C15-212F-488A-B522-14076AF3BF9F}.Debug|x86.ActiveCfg = Debug|Win32
		{78620C15-212F-488A-B522-14076AF3BF9F}.Debug|x86.Build.0 = Debug|Win32
		{78620C15-212F-488A-B522-14076AF3BF9F}.Release|x64.ActiveCfg = Release|x64
		{78620C15-212F-488A-B522-14076AF3BF9F}.Release|x64.Build.0 = Release|x64
		{78620C15-212F-488A-B522-14076AF3BF9F}.Release|x86.ActiveCfg = Release|Win32
		{78620C15-212F-488A-B522-14076AF3BF9F}.Release|x86.Build.0 = Release|Win32
		{B5CE4FE8-66EE-45EE-B593-0060F8B64217}.Debug|x64.ActiveCfg = Debug|x64
		{B5CE4FE8-66EE-45EE-B593-0060F8B64217}.Debug|x64.Build.0 = Debug|x64
		{B5CE4FE8-66EE-45EE-B593-0060F8B64217}.Debug|x86.ActiveCfg = Debug|Win32
		{B5CE4FE8-66EE-45EE-B593-0060F8B64217}.Debug|x86.Build.0 = Debug|Win32
		{B5CE4FE8-66EE-45EE-B593-0060F8B64217}.Release|x64.ActiveCfg = Release|x64
		{B5CE4FE8-66EE-45EE-B593-0060F8B64217}.Release|x64.Build.0 = Release|x64
		{B5CE4FE8-66EE-45EE-B593-0060F8B64217}.Release|x86.ActiveCfg = Release|Win32
		{B5CE4FE8-66EE-45EE-B593-0060F8B64217}.Release|x86.Build.0 = Release|Win32
		{D35DBC4F-29C0-4143-B9C6-CA842D87A00E}.Debug|x64.ActiveCfg = Debug|x64
		{D35DBC4F-29C0-4143-B9C6-CA842D87A00E}.Debug|x64.Build.0 = Debug|x64
		{D35DBC4F-29C0-4143-B9C6-CA842D87A00E}.Debug|x86.ActiveCfg = Debug|Win32
		{D35DBC4F-29C0-4143-B9C6-CA842D87A00E}.Debug|x86.Build.0 = Debug|Win32
		{D35DBC4F-29C0-4143-B9C6-CA842D87A00E}.Release|x64.ActiveCfg = Release|x64
		{D35DBC4F-29C0-4143-B9C6-CA842D87A00E}.Release|x64.Build.0 = Release|x64
		{D35DBC4F-29C0-4143-B9C6-CA842D87A00E}.Release|x86.ActiveCfg = Release|Win32
		{D35DBC4F-29C0-4143-B9C6-CA842D87A00E}.Release|x86.Build.0 = Release|Win32
		{F3CB10CD-306B-4FBC-8C80-BE7AC3110949}.Debug|x64.ActiveCfg = Debug|x64
		{F3CB10CD-306B-4FBC-8C80-BE7AC3110949}.Debug|x64.Build.0 = Debug|x64
		{F3CB10CD-306B-4FBC-8C80-BE7AC3110949}.Debug|x86.ActiveCfg = Debug|Win32
		{F3CB10CD-306B-4FBC-8C80-BE7AC3110949}.Debug|x86.Build.0 = Debug|Win32
		{F3CB10CD-306B-4FBC-8C80-BE7AC3110949}.Release|x64.ActiveCfg = Release|x64
		{F3CB10CD-306B-4FBC-8C80-BE7AC3110949}.Release|x64.Build.0 = Release|x64
		{F3CB10CD-306B-4FBC-8C80-BE7AC3110949}.Release|x86.ActiveCfg = Release|Win32
		{F3CB10CD-306B-4FBC-8C80-BE7AC3110949}.Release|x86.Build.0 = Release|Win32
		{72F0AA3F-9FC0-476C-A5CD-8A4A18DDF410}.Debug|x64.ActiveCfg = Debug|x64
		{72F0AA3F-9FC0-476C-A5CD-8A4A18DDF410}.Debug|x64.Build.0 = Debug|x64
		{72F0AA3F-9FC0-476C-A5CD-8A4A18DDF410}.Debug|x86.ActiveCfg = Debug|Win32
		{72F0AA3F-9FC0-476C-A5CD-8A4A18DDF410}.Debug|x86.Build.0 = Debug|Win32
		{72F0AA3F-9FC0-476C-A5CD-8A4A18DDF410}.Release|x64.ActiveCfg = Release|x64
		{72F0AA3F-9FC0-476C-A5CD-8A4A18DDF410}.Release|x64.Build.0 = Release|x64
		{72F0AA3F-9FC0-476C-A5CD-8A4A18DDF410}.Release|x86.ActiveCfg = Release|Win32
		{72F0AA3F-9FC0-476C-A5CD-8A4A18DDF410}.Release|x86.Build.0 = Release|Win32
		{4F6C4A0C-11BA-4278-888E-E795A8B58F0E}.Debug|x64.ActiveCfg = Debug|x64
		{4F6C4A0C-11BA-4278-888E-E795A8B58F0E}.Debug|x64.Build.0 = Debug|x64
		{4F6C4A0C-11BA-4278-888E-E795A8B58F0E}.Debug|x86.ActiveCfg = Debug|Win32
		{4F6C4A0C-11BA-4278-888E-E795A8B58F0E}.Debug|x86.Build.0 = Debug|Win32
		{4F6C4A0C-11BA-4278-888E-E795A8B58F0E}.Release|x64.ActiveCfg = Release|x64
		{4F6C4A0C-11BA-4278-888E-E795A8B58F0E}.Release|x64.Build.0 = Release|x64
		{4F6C4A0C-11BA-4278-888E-E795A8B58F0E}.Release|x86.ActiveCfg = Release|Win32
		{4F6C4A0C-11BA-4278-888E-E795A8B58F0E}.Release|x86.Build.0 = Release|Win32
		{67B00C7F-015C-4ABB-A8F7-6F44ECDE1778}.Debug|x64.ActiveCfg = Debug|x64
		{67B00C7F-015C-4ABB-A8F7-6F44ECDE1778}.Debug|x64.Build.0 = Debug|x64
		{67B00C7F-015C-4ABB-A8F7-6F44ECDE1778}.Debug|x86.ActiveCfg = Debug|Win32
		{67B00C7F-015C-4ABB-A8F7-6F44ECDE1778}.Debug|x86.Build.0 = Debug|Win32
		{67B00C7F-015C-4ABB-A8F7-6F44ECDE1778}.Release|x64.ActiveCfg = Release|x64
		{67B00C7F-015C-4ABB-A8F7-6F44ECDE1778}.Release|x64.Build.0 = Release|x64
		{67B00C7F-015C-4ABB-A8F7-6F44ECDE1778}.Release|x86.ActiveCfg = Release|Win32
		{67B00C7F-015C-4ABB-A8F7-6F44ECDE1778}.Release|x86.Build.0 = Release|Win32
	EndGlobalSection
	GlobalSection(SolutionProperties) = preSolution
		HideSolutionNode = FALSE
	EndGlobalSection
	GlobalSection(NestedProjects) = preSolution
		{8FFE609F-CE3F-445C-A8F4-D9B8758F45C1} = {088CEB9B-233A-4A18-8DF6-BFC1849CA313}
		{AAA58CB6-FCCC-46C3-91D3-5C0A06A4A7A3} = {8FFE609F-CE3F-445C-A8F4-D9B8758F45C1}
		{7564F0F3-4678-41B0-9E58-A15136F12725} = {8FFE609F-CE3F-445C-A8F4-D9B8758F45C1}
		{87E7CA08-70FF-4842-A5B6-8BF26C16CF0F} = {8FFE609F-CE3F-445C-A8F4-D9B8758F45C1}
		{DE5335E4-ED42-4206-96BC-B3E6CB625D84} = {8FFE609F-CE3F-445C-A8F4-D9B8758F45C1}
		{4091CD39-A7E8-4AED-9172-82DE7EF7D274} = {088CEB9B-233A-4A18-8DF6-BFC1849CA313}
		{60547083-FF3D-4EB7-B8CD-AA295E6E0BD4} = {4091CD39-A7E8-4AED-9172-82DE7EF7D274}
		{E4F5FA01-48E2-46A8-B4B8-F09A395F398F} = {8FFE609F-CE3F-445C-A8F4-D9B8758F45C1}
		{875058C8-3236-4331-B861-F5A2F8650095} = {2785B62B-8E82-4927-801A-A290856283D3}
		{600517A0-1932-4AC3-A5CA-FD1E98EC9882} = {2785B62B-8E82-4927-801A-A290856283D3}
		{CE49C73E-E784-4972-B4C6-D1B1D48EC1BC} = {600517A0-1932-4AC3-A5CA-FD1E98EC9882}
		{107AD54A-79C4-4D59-A79B-9A94D4552D56} = {600517A0-1932-4AC3-A5CA-FD1E98EC9882}
		{16BC69C0-B504-4728-888F-23909D0CD5E8} = {875058C8-3236-4331-B861-F5A2F8650095}
		{A50B7B97-CBDB-4A16-BEBE-90A346A86A94} = {875058C8-3236-4331-B861-F5A2F8650095}
		{DA4414FE-6A2E-4131-BB59-085562C92492} = {875058C8-3236-4331-B861-F5A2F8650095}
		{B6F867A1-39DD-48B4-B66A-69344CE146EA} = {875058C8-3236-4331-B861-F5A2F8650095}
		{78620C15-212F-488A-B522-14076AF3BF9F} = {60547083-FF3D-4EB7-B8CD-AA295E6E0BD4}
		{B5CE4FE8-66EE-45EE-B593-0060F8B64217} = {60547083-FF3D-4EB7-B8CD-AA295E6E0BD4}
		{D35DBC4F-29C0-4143-B9C6-CA842D87A00E} = {875058C8-3236-4331-B861-F5A2F8650095}
		{F3CB10CD-306B-4FBC-8C80-BE7AC3110949} = {875058C8-3236-4331-B861-F5A2F8650095}
		{72F0AA3F-9FC0-476C-A5CD-8A4A18DDF410} = {8FFE609F-CE3F-445C-A8F4-D9B8758F45C1}
		{4F6C4A0C-11BA-4278-888E-E795A8B58F0E} = {600517A0-1932-4AC3-A5CA-FD1E98EC9882}
		{67B00C7F-015C-4ABB-A8F7-6F44ECDE1778} = {875058C8-3236-4331-B861-F5A2F8650095}
	EndGlobalSection
	GlobalSection(ExtensibilityGlobals) = postSolution
		SolutionGuid = {DABFBC2D-F98A-4B72-BE51-4915DC501F8C}
	EndGlobalSection
EndGlobal
